// !$*UTF8*$!
{
	archiveVersion = 1;
	classes = {
	};
	objectVersion = 50;
	objects = {

/* Begin PBXBuildFile section */
		665B648122285FBE00DA97AC /* AppDelegate.swift in Sources */ = {isa = PBXBuildFile; fileRef = 665B648022285FBE00DA97AC /* AppDelegate.swift */; };
		665B648322285FBE00DA97AC /* ViewController.swift in Sources */ = {isa = PBXBuildFile; fileRef = 665B648222285FBE00DA97AC /* ViewController.swift */; };
		665B648622285FBE00DA97AC /* Main.storyboard in Resources */ = {isa = PBXBuildFile; fileRef = 665B648422285FBE00DA97AC /* Main.storyboard */; };
		665B648822285FBF00DA97AC /* Assets.xcassets in Resources */ = {isa = PBXBuildFile; fileRef = 665B648722285FBF00DA97AC /* Assets.xcassets */; };
		665B648B22285FBF00DA97AC /* LaunchScreen.storyboard in Resources */ = {isa = PBXBuildFile; fileRef = 665B648922285FBF00DA97AC /* LaunchScreen.storyboard */; };
		665B649622285FBF00DA97AC /* itemListTests.swift in Sources */ = {isa = PBXBuildFile; fileRef = 665B649522285FBF00DA97AC /* itemListTests.swift */; };
		665B64A122285FBF00DA97AC /* itemListUITests.swift in Sources */ = {isa = PBXBuildFile; fileRef = 665B64A022285FBF00DA97AC /* itemListUITests.swift */; };
/* End PBXBuildFile section */

/* Begin PBXContainerItemProxy section */
		665B649222285FBF00DA97AC /* PBXContainerItemProxy */ = {
			isa = PBXContainerItemProxy;
			containerPortal = 665B647522285FBE00DA97AC /* Project object */;
			proxyType = 1;
			remoteGlobalIDString = 665B647C22285FBE00DA97AC;
			remoteInfo = itemList;
		};
		665B649D22285FBF00DA97AC /* PBXContainerItemProxy */ = {
			isa = PBXContainerItemProxy;
			containerPortal = 665B647522285FBE00DA97AC /* Project object */;
			proxyType = 1;
			remoteGlobalIDString = 665B647C22285FBE00DA97AC;
			remoteInfo = itemList;
		};
/* End PBXContainerItemProxy section */

/* Begin PBXFileReference section */
		665B647D22285FBE00DA97AC /* itemList.app */ = {isa = PBXFileReference; explicitFileType = wrapper.application; includeInIndex = 0; path = itemList.app; sourceTree = BUILT_PRODUCTS_DIR; };
		665B648022285FBE00DA97AC /* AppDelegate.swift */ = {isa = PBXFileReference; lastKnownFileType = sourcecode.swift; path = AppDelegate.swift; sourceTree = "<group>"; };
		665B648222285FBE00DA97AC /* ViewController.swift */ = {isa = PBXFileReference; lastKnownFileType = sourcecode.swift; path = ViewController.swift; sourceTree = "<group>"; };
		665B648522285FBE00DA97AC /* Base */ = {isa = PBXFileReference; lastKnownFileType = file.storyboard; name = Base; path = Base.lproj/Main.storyboard; sourceTree = "<group>"; };
		665B648722285FBF00DA97AC /* Assets.xcassets */ = {isa = PBXFileReference; lastKnownFileType = folder.assetcatalog; path = Assets.xcassets; sourceTree = "<group>"; };
		665B648A22285FBF00DA97AC /* Base */ = {isa = PBXFileReference; lastKnownFileType = file.storyboard; name = Base; path = Base.lproj/LaunchScreen.storyboard; sourceTree = "<group>"; };
		665B648C22285FBF00DA97AC /* Info.plist */ = {isa = PBXFileReference; lastKnownFileType = text.plist.xml; path = Info.plist; sourceTree = "<group>"; };
		665B649122285FBF00DA97AC /* itemListTests.xctest */ = {isa = PBXFileReference; explicitFileType = wrapper.cfbundle; includeInIndex = 0; path = itemListTests.xctest; sourceTree = BUILT_PRODUCTS_DIR; };
		665B649522285FBF00DA97AC /* itemListTests.swift */ = {isa = PBXFileReference; lastKnownFileType = sourcecode.swift; path = itemListTests.swift; sourceTree = "<group>"; };
		665B649722285FBF00DA97AC /* Info.plist */ = {isa = PBXFileReference; lastKnownFileType = text.plist.xml; path = Info.plist; sourceTree = "<group>"; };
		665B649C22285FBF00DA97AC /* itemListUITests.xctest */ = {isa = PBXFileReference; explicitFileType = wrapper.cfbundle; includeInIndex = 0; path = itemListUITests.xctest; sourceTree = BUILT_PRODUCTS_DIR; };
		665B64A022285FBF00DA97AC /* itemListUITests.swift */ = {isa = PBXFileReference; lastKnownFileType = sourcecode.swift; path = itemListUITests.swift; sourceTree = "<group>"; };
		665B64A222285FBF00DA97AC /* Info.plist */ = {isa = PBXFileReference; lastKnownFileType = text.plist.xml; path = Info.plist; sourceTree = "<group>"; };
/* End PBXFileReference section */

/* Begin PBXFrameworksBuildPhase section */
		665B647A22285FBE00DA97AC /* Frameworks */ = {
			isa = PBXFrameworksBuildPhase;
			buildActionMask = 2147483647;
			files = (
			);
			runOnlyForDeploymentPostprocessing = 0;
		};
		665B648E22285FBF00DA97AC /* Frameworks */ = {
			isa = PBXFrameworksBuildPhase;
			buildActionMask = 2147483647;
			files = (
			);
			runOnlyForDeploymentPostprocessing = 0;
		};
		665B649922285FBF00DA97AC /* Frameworks */ = {
			isa = PBXFrameworksBuildPhase;
			buildActionMask = 2147483647;
			files = (
			);
			runOnlyForDeploymentPostprocessing = 0;
		};
/* End PBXFrameworksBuildPhase section */

/* Begin PBXGroup section */
		665B647422285FBE00DA97AC = {
			isa = PBXGroup;
			children = (
				665B647F22285FBE00DA97AC /* itemList */,
				665B649422285FBF00DA97AC /* itemListTests */,
				665B649F22285FBF00DA97AC /* itemListUITests */,
				665B647E22285FBE00DA97AC /* Products */,
			);
			sourceTree = "<group>";
		};
		665B647E22285FBE00DA97AC /* Products */ = {
			isa = PBXGroup;
			children = (
				665B647D22285FBE00DA97AC /* itemList.app */,
				665B649122285FBF00DA97AC /* itemListTests.xctest */,
				665B649C22285FBF00DA97AC /* itemListUITests.xctest */,
			);
			name = Products;
			sourceTree = "<group>";
		};
		665B647F22285FBE00DA97AC /* itemList */ = {
			isa = PBXGroup;
			children = (
				665B648022285FBE00DA97AC /* AppDelegate.swift */,
				665B648222285FBE00DA97AC /* ViewController.swift */,
				665B648422285FBE00DA97AC /* Main.storyboard */,
				665B648722285FBF00DA97AC /* Assets.xcassets */,
				665B648922285FBF00DA97AC /* LaunchScreen.storyboard */,
				665B648C22285FBF00DA97AC /* Info.plist */,
			);
			path = itemList;
			sourceTree = "<group>";
		};
		665B649422285FBF00DA97AC /* itemListTests */ = {
			isa = PBXGroup;
			children = (
				665B649522285FBF00DA97AC /* itemListTests.swift */,
				665B649722285FBF00DA97AC /* Info.plist */,
			);
			path = itemListTests;
			sourceTree = "<group>";
		};
		665B649F22285FBF00DA97AC /* itemListUITests */ = {
			isa = PBXGroup;
			children = (
				665B64A022285FBF00DA97AC /* itemListUITests.swift */,
				665B64A222285FBF00DA97AC /* Info.plist */,
			);
			path = itemListUITests;
			sourceTree = "<group>";
		};
/* End PBXGroup section */

/* Begin PBXNativeTarget section */
		665B647C22285FBE00DA97AC /* itemList */ = {
			isa = PBXNativeTarget;
			buildConfigurationList = 665B64A522285FBF00DA97AC /* Build configuration list for PBXNativeTarget "itemList" */;
			buildPhases = (
				665B647922285FBE00DA97AC /* Sources */,
				665B647A22285FBE00DA97AC /* Frameworks */,
				665B647B22285FBE00DA97AC /* Resources */,
			);
			buildRules = (
			);
			dependencies = (
			);
			name = itemList;
			productName = itemList;
			productReference = 665B647D22285FBE00DA97AC /* itemList.app */;
			productType = "com.apple.product-type.application";
		};
		665B649022285FBF00DA97AC /* itemListTests */ = {
			isa = PBXNativeTarget;
			buildConfigurationList = 665B64A822285FBF00DA97AC /* Build configuration list for PBXNativeTarget "itemListTests" */;
			buildPhases = (
				665B648D22285FBF00DA97AC /* Sources */,
				665B648E22285FBF00DA97AC /* Frameworks */,
				665B648F22285FBF00DA97AC /* Resources */,
			);
			buildRules = (
			);
			dependencies = (
				665B649322285FBF00DA97AC /* PBXTargetDependency */,
			);
			name = itemListTests;
			productName = itemListTests;
			productReference = 665B649122285FBF00DA97AC /* itemListTests.xctest */;
			productType = "com.apple.product-type.bundle.unit-test";
		};
		665B649B22285FBF00DA97AC /* itemListUITests */ = {
			isa = PBXNativeTarget;
			buildConfigurationList = 665B64AB22285FBF00DA97AC /* Build configuration list for PBXNativeTarget "itemListUITests" */;
			buildPhases = (
				665B649822285FBF00DA97AC /* Sources */,
				665B649922285FBF00DA97AC /* Frameworks */,
				665B649A22285FBF00DA97AC /* Resources */,
			);
			buildRules = (
			);
			dependencies = (
				665B649E22285FBF00DA97AC /* PBXTargetDependency */,
			);
			name = itemListUITests;
			productName = itemListUITests;
			productReference = 665B649C22285FBF00DA97AC /* itemListUITests.xctest */;
			productType = "com.apple.product-type.bundle.ui-testing";
		};
/* End PBXNativeTarget section */

/* Begin PBXProject section */
		665B647522285FBE00DA97AC /* Project object */ = {
			isa = PBXProject;
			attributes = {
				LastSwiftUpdateCheck = 1010;
				LastUpgradeCheck = 1010;
				ORGANIZATIONNAME = "Samantha Cortopassi";
				TargetAttributes = {
					665B647C22285FBE00DA97AC = {
						CreatedOnToolsVersion = 10.1;
					};
					665B649022285FBF00DA97AC = {
						CreatedOnToolsVersion = 10.1;
						TestTargetID = 665B647C22285FBE00DA97AC;
					};
					665B649B22285FBF00DA97AC = {
						CreatedOnToolsVersion = 10.1;
						TestTargetID = 665B647C22285FBE00DA97AC;
					};
				};
			};
			buildConfigurationList = 665B647822285FBE00DA97AC /* Build configuration list for PBXProject "itemList" */;
			compatibilityVersion = "Xcode 9.3";
			developmentRegion = en;
			hasScannedForEncodings = 0;
			knownRegions = (
				en,
				Base,
			);
			mainGroup = 665B647422285FBE00DA97AC;
			productRefGroup = 665B647E22285FBE00DA97AC /* Products */;
			projectDirPath = "";
			projectRoot = "";
			targets = (
				665B647C22285FBE00DA97AC /* itemList */,
				665B649022285FBF00DA97AC /* itemListTests */,
				665B649B22285FBF00DA97AC /* itemListUITests */,
			);
		};
/* End PBXProject section */

/* Begin PBXResourcesBuildPhase section */
		665B647B22285FBE00DA97AC /* Resources */ = {
			isa = PBXResourcesBuildPhase;
			buildActionMask = 2147483647;
			files = (
				665B648B22285FBF00DA97AC /* LaunchScreen.storyboard in Resources */,
				665B648822285FBF00DA97AC /* Assets.xcassets in Resources */,
				665B648622285FBE00DA97AC /* Main.storyboard in Resources */,
			);
			runOnlyForDeploymentPostprocessing = 0;
		};
		665B648F22285FBF00DA97AC /* Resources */ = {
			isa = PBXResourcesBuildPhase;
			buildActionMask = 2147483647;
			files = (
			);
			runOnlyForDeploymentPostprocessing = 0;
		};
		665B649A22285FBF00DA97AC /* Resources */ = {
			isa = PBXResourcesBuildPhase;
			buildActionMask = 2147483647;
			files = (
			);
			runOnlyForDeploymentPostprocessing = 0;
		};
/* End PBXResourcesBuildPhase section */

/* Begin PBXSourcesBuildPhase section */
		665B647922285FBE00DA97AC /* Sources */ = {
			isa = PBXSourcesBuildPhase;
			buildActionMask = 2147483647;
			files = (
				665B648322285FBE00DA97AC /* ViewController.swift in Sources */,
				665B648122285FBE00DA97AC /* AppDelegate.swift in Sources */,
			);
			runOnlyForDeploymentPostprocessing = 0;
		};
		665B648D22285FBF00DA97AC /* Sources */ = {
			isa = PBXSourcesBuildPhase;
			buildActionMask = 2147483647;
			files = (
				665B649622285FBF00DA97AC /* itemListTests.swift in Sources */,
			);
			runOnlyForDeploymentPostprocessing = 0;
		};
		665B649822285FBF00DA97AC /* Sources */ = {
			isa = PBXSourcesBuildPhase;
			buildActionMask = 2147483647;
			files = (
				665B64A122285FBF00DA97AC /* itemListUITests.swift in Sources */,
			);
			runOnlyForDeploymentPostprocessing = 0;
		};
/* End PBXSourcesBuildPhase section */

/* Begin PBXTargetDependency section */
		665B649322285FBF00DA97AC /* PBXTargetDependency */ = {
			isa = PBXTargetDependency;
			target = 665B647C22285FBE00DA97AC /* itemList */;
			targetProxy = 665B649222285FBF00DA97AC /* PBXContainerItemProxy */;
		};
		665B649E22285FBF00DA97AC /* PBXTargetDependency */ = {
			isa = PBXTargetDependency;
			target = 665B647C22285FBE00DA97AC /* itemList */;
			targetProxy = 665B649D22285FBF00DA97AC /* PBXContainerItemProxy */;
		};
/* End PBXTargetDependency section */

/* Begin PBXVariantGroup section */
		665B648422285FBE00DA97AC /* Main.storyboard */ = {
			isa = PBXVariantGroup;
			children = (
				665B648522285FBE00DA97AC /* Base */,
			);
			name = Main.storyboard;
			sourceTree = "<group>";
		};
		665B648922285FBF00DA97AC /* LaunchScreen.storyboard */ = {
			isa = PBXVariantGroup;
			children = (
				665B648A22285FBF00DA97AC /* Base */,
			);
			name = LaunchScreen.storyboard;
			sourceTree = "<group>";
		};
/* End PBXVariantGroup section */

/* Begin XCBuildConfiguration section */
		665B64A322285FBF00DA97AC /* Debug */ = {
			isa = XCBuildConfiguration;
			buildSettings = {
				ALWAYS_SEARCH_USER_PATHS = NO;
				CLANG_ANALYZER_NONNULL = YES;
				CLANG_ANALYZER_NUMBER_OBJECT_CONVERSION = YES_AGGRESSIVE;
				CLANG_CXX_LANGUAGE_STANDARD = "gnu++14";
				CLANG_CXX_LIBRARY = "libc++";
				CLANG_ENABLE_MODULES = YES;
				CLANG_ENABLE_OBJC_ARC = YES;
				CLANG_ENABLE_OBJC_WEAK = YES;
				CLANG_WARN_BLOCK_CAPTURE_AUTORELEASING = YES;
				CLANG_WARN_BOOL_CONVERSION = YES;
				CLANG_WARN_COMMA = YES;
				CLANG_WARN_CONSTANT_CONVERSION = YES;
				CLANG_WARN_DEPRECATED_OBJC_IMPLEMENTATIONS = YES;
				CLANG_WARN_DIRECT_OBJC_ISA_USAGE = YES_ERROR;
				CLANG_WARN_DOCUMENTATION_COMMENTS = YES;
				CLANG_WARN_EMPTY_BODY = YES;
				CLANG_WARN_ENUM_CONVERSION = YES;
				CLANG_WARN_INFINITE_RECURSION = YES;
				CLANG_WARN_INT_CONVERSION = YES;
				CLANG_WARN_NON_LITERAL_NULL_CONVERSION = YES;
				CLANG_WARN_OBJC_IMPLICIT_RETAIN_SELF = YES;
				CLANG_WARN_OBJC_LITERAL_CONVERSION = YES;
				CLANG_WARN_OBJC_ROOT_CLASS = YES_ERROR;
				CLANG_WARN_RANGE_LOOP_ANALYSIS = YES;
				CLANG_WARN_STRICT_PROTOTYPES = YES;
				CLANG_WARN_SUSPICIOUS_MOVE = YES;
				CLANG_WARN_UNGUARDED_AVAILABILITY = YES_AGGRESSIVE;
				CLANG_WARN_UNREACHABLE_CODE = YES;
				CLANG_WARN__DUPLICATE_METHOD_MATCH = YES;
				CODE_SIGN_IDENTITY = "iPhone Developer";
				COPY_PHASE_STRIP = NO;
				DEBUG_INFORMATION_FORMAT = dwarf;
				ENABLE_STRICT_OBJC_MSGSEND = YES;
				ENABLE_TESTABILITY = YES;
				GCC_C_LANGUAGE_STANDARD = gnu11;
				GCC_DYNAMIC_NO_PIC = NO;
				GCC_NO_COMMON_BLOCKS = YES;
				GCC_OPTIMIZATION_LEVEL = 0;
				GCC_PREPROCESSOR_DEFINITIONS = (
					"DEBUG=1",
					"$(inherited)",
				);
				GCC_WARN_64_TO_32_BIT_CONVERSION = YES;
				GCC_WARN_ABOUT_RETURN_TYPE = YES_ERROR;
				GCC_WARN_UNDECLARED_SELECTOR = YES;
				GCC_WARN_UNINITIALIZED_AUTOS = YES_AGGRESSIVE;
				GCC_WARN_UNUSED_FUNCTION = YES;
				GCC_WARN_UNUSED_VARIABLE = YES;
				IPHONEOS_DEPLOYMENT_TARGET = 12.1;
				MTL_ENABLE_DEBUG_INFO = INCLUDE_SOURCE;
				MTL_FAST_MATH = YES;
				ONLY_ACTIVE_ARCH = YES;
				SDKROOT = iphoneos;
				SWIFT_ACTIVE_COMPILATION_CONDITIONS = DEBUG;
				SWIFT_OPTIMIZATION_LEVEL = "-Onone";
			};
			name = Debug;
		};
		665B64A422285FBF00DA97AC /* Release */ = {
			isa = XCBuildConfiguration;
			buildSettings = {
				ALWAYS_SEARCH_USER_PATHS = NO;
				CLANG_ANALYZER_NONNULL = YES;
				CLANG_ANALYZER_NUMBER_OBJECT_CONVERSION = YES_AGGRESSIVE;
				CLANG_CXX_LANGUAGE_STANDARD = "gnu++14";
				CLANG_CXX_LIBRARY = "libc++";
				CLANG_ENABLE_MODULES = YES;
				CLANG_ENABLE_OBJC_ARC = YES;
				CLANG_ENABLE_OBJC_WEAK = YES;
				CLANG_WARN_BLOCK_CAPTURE_AUTORELEASING = YES;
				CLANG_WARN_BOOL_CONVERSION = YES;
				CLANG_WARN_COMMA = YES;
				CLANG_WARN_CONSTANT_CONVERSION = YES;
				CLANG_WARN_DEPRECATED_OBJC_IMPLEMENTATIONS = YES;
				CLANG_WARN_DIRECT_OBJC_ISA_USAGE = YES_ERROR;
				CLANG_WARN_DOCUMENTATION_COMMENTS = YES;
				CLANG_WARN_EMPTY_BODY = YES;
				CLANG_WARN_ENUM_CONVERSION = YES;
				CLANG_WARN_INFINITE_RECURSION = YES;
				CLANG_WARN_INT_CONVERSION = YES;
				CLANG_WARN_NON_LITERAL_NULL_CONVERSION = YES;
				CLANG_WARN_OBJC_IMPLICIT_RETAIN_SELF = YES;
				CLANG_WARN_OBJC_LITERAL_CONVERSION = YES;
				CLANG_WARN_OBJC_ROOT_CLASS = YES_ERROR;
				CLANG_WARN_RANGE_LOOP_ANALYSIS = YES;
				CLANG_WARN_STRICT_PROTOTYPES = YES;
				CLANG_WARN_SUSPICIOUS_MOVE = YES;
				CLANG_WARN_UNGUARDED_AVAILABILITY = YES_AGGRESSIVE;
				CLANG_WARN_UNREACHABLE_CODE = YES;
				CLANG_WARN__DUPLICATE_METHOD_MATCH = YES;
				CODE_SIGN_IDENTITY = "iPhone Developer";
				COPY_PHASE_STRIP = NO;
				DEBUG_INFORMATION_FORMAT = "dwarf-with-dsym";
				ENABLE_NS_ASSERTIONS = NO;
				ENABLE_STRICT_OBJC_MSGSEND = YES;
				GCC_C_LANGUAGE_STANDARD = gnu11;
				GCC_NO_COMMON_BLOCKS = YES;
				GCC_WARN_64_TO_32_BIT_CONVERSION = YES;
				GCC_WARN_ABOUT_RETURN_TYPE = YES_ERROR;
				GCC_WARN_UNDECLARED_SELECTOR = YES;
				GCC_WARN_UNINITIALIZED_AUTOS = YES_AGGRESSIVE;
				GCC_WARN_UNUSED_FUNCTION = YES;
				GCC_WARN_UNUSED_VARIABLE = YES;
				IPHONEOS_DEPLOYMENT_TARGET = 12.1;
				MTL_ENABLE_DEBUG_INFO = NO;
				MTL_FAST_MATH = YES;
				SDKROOT = iphoneos;
				SWIFT_COMPILATION_MODE = wholemodule;
				SWIFT_OPTIMIZATION_LEVEL = "-O";
				VALIDATE_PRODUCT = YES;
			};
			name = Release;
		};
		665B64A622285FBF00DA97AC /* Debug */ = {
			isa = XCBuildConfiguration;
			buildSettings = {
				ASSETCATALOG_COMPILER_APPICON_NAME = AppIcon;
				CODE_SIGN_STYLE = Automatic;
				INFOPLIST_FILE = itemList/Info.plist;
				LD_RUNPATH_SEARCH_PATHS = (
					"$(inherited)",
					"@executable_path/Frameworks",
				);
				PRODUCT_BUNDLE_IDENTIFIER = com.Samantha.itemList;
				PRODUCT_NAME = "$(TARGET_NAME)";
				SWIFT_VERSION = 4.2;
				TARGETED_DEVICE_FAMILY = "1,2";
			};
			name = Debug;
		};
		665B64A722285FBF00DA97AC /* Release */ = {
			isa = XCBuildConfiguration;
			buildSettings = {
				ASSETCATALOG_COMPILER_APPICON_NAME = AppIcon;
				CODE_SIGN_STYLE = Automatic;
				INFOPLIST_FILE = itemList/Info.plist;
				LD_RUNPATH_SEARCH_PATHS = (
					"$(inherited)",
					"@executable_path/Frameworks",
				);
				PRODUCT_BUNDLE_IDENTIFIER = com.Samantha.itemList;
				PRODUCT_NAME = "$(TARGET_NAME)";
				SWIFT_VERSION = 4.2;
				TARGETED_DEVICE_FAMILY = "1,2";
			};
			name = Release;
		};
		665B64A922285FBF00DA97AC /* Debug */ = {
			isa = XCBuildConfiguration;
			buildSettings = {
				ALWAYS_EMBED_SWIFT_STANDARD_LIBRARIES = YES;
				BUNDLE_LOADER = "$(TEST_HOST)";
				CODE_SIGN_STYLE = Automatic;
				INFOPLIST_FILE = itemListTests/Info.plist;
				LD_RUNPATH_SEARCH_PATHS = (
					"$(inherited)",
					"@executable_path/Frameworks",
					"@loader_path/Frameworks",
				);
				PRODUCT_BUNDLE_IDENTIFIER = com.Samantha.itemListTests;
				PRODUCT_NAME = "$(TARGET_NAME)";
				SWIFT_VERSION = 4.2;
				TARGETED_DEVICE_FAMILY = "1,2";
				TEST_HOST = "$(BUILT_PRODUCTS_DIR)/itemList.app/itemList";
			};
			name = Debug;
		};
		665B64AA22285FBF00DA97AC /* Release */ = {
			isa = XCBuildConfiguration;
			buildSettings = {
				ALWAYS_EMBED_SWIFT_STANDARD_LIBRARIES = YES;
				BUNDLE_LOADER = "$(TEST_HOST)";
				CODE_SIGN_STYLE = Automatic;
				INFOPLIST_FILE = itemListTests/Info.plist;
				LD_RUNPATH_SEARCH_PATHS = (
					"$(inherited)",
					"@executable_path/Frameworks",
					"@loader_path/Frameworks",
				);
				PRODUCT_BUNDLE_IDENTIFIER = com.Samantha.itemListTests;
				PRODUCT_NAME = "$(TARGET_NAME)";
				SWIFT_VERSION = 4.2;
				TARGETED_DEVICE_FAMILY = "1,2";
				TEST_HOST = "$(BUILT_PRODUCTS_DIR)/itemList.app/itemList";
			};
			name = Release;
		};
		665B64AC22285FBF00DA97AC /* Debug */ = {
			isa = XCBuildConfiguration;
			buildSettings = {
				ALWAYS_EMBED_SWIFT_STANDARD_LIBRARIES = YES;
				CODE_SIGN_STYLE = Automatic;
				INFOPLIST_FILE = itemListUITests/Info.plist;
				LD_RUNPATH_SEARCH_PATHS = (
					"$(inherited)",
					"@executable_path/Frameworks",
					"@loader_path/Frameworks",
				);
				PRODUCT_BUNDLE_IDENTIFIER = com.Samantha.itemListUITests;
				PRODUCT_NAME = "$(TARGET_NAME)";
				SWIFT_VERSION = 4.2;
				TARGETED_DEVICE_FAMILY = "1,2";
				TEST_TARGET_NAME = itemList;
			};
			name = Debug;
		};
		665B64AD22285FBF00DA97AC /* Release */ = {
			isa = XCBuildConfiguration;
			buildSettings = {
				ALWAYS_EMBED_SWIFT_STANDARD_LIBRARIES = YES;
				CODE_SIGN_STYLE = Automatic;
				INFOPLIST_FILE = itemListUITests/Info.plist;
				LD_RUNPATH_SEARCH_PATHS = (
					"$(inherited)",
					"@executable_path/Frameworks",
					"@loader_path/Frameworks",
				);
				PRODUCT_BUNDLE_IDENTIFIER = com.Samantha.itemListUITests;
				PRODUCT_NAME = "$(TARGET_NAME)";
				SWIFT_VERSION = 4.2;
				TARGETED_DEVICE_FAMILY = "1,2";
				TEST_TARGET_NAME = itemList;
			};
			name = Release;
		};
/* End XCBuildConfiguration section */

/* Begin XCConfigurationList section */
		665B647822285FBE00DA97AC /* Build configuration list for PBXProject "itemList" */ = {
			isa = XCConfigurationList;
			buildConfigurations = (
				665B64A322285FBF00DA97AC /* Debug */,
				665B64A422285FBF00DA97AC /* Release */,
			);
			defaultConfigurationIsVisible = 0;
			defaultConfigurationName = Release;
		};
		665B64A522285FBF00DA97AC /* Build configuration list for PBXNativeTarget "itemList" */ = {
			isa = XCConfigurationList;
			buildConfigurations = (
				665B64A622285FBF00DA97AC /* Debug */,
				665B64A722285FBF00DA97AC /* Release */,
			);
			defaultConfigurationIsVisible = 0;
			defaultConfigurationName = Release;
		};
		665B64A822285FBF00DA97AC /* Build configuration list for PBXNativeTarget "itemListTests" */ = {
			isa = XCConfigurationList;
			buildConfigurations = (
				665B64A922285FBF00DA97AC /* Debug */,
				665B64AA22285FBF00DA97AC /* Release */,
			);
			defaultConfigurationIsVisible = 0;
			defaultConfigurationName = Release;
		};
		665B64AB22285FBF00DA97AC /* Build configuration list for PBXNativeTarget "itemListUITests" */ = {
			isa = XCConfigurationList;
			buildConfigurations = (
				665B64AC22285FBF00DA97AC /* Debug */,
				665B64AD22285FBF00DA97AC /* Release */,
			);
			defaultConfigurationIsVisible = 0;
			defaultConfigurationName = Release;
		};
/* End XCConfigurationList section */
	};
	rootObject = 665B647522285FBE00DA97AC /* Project object */;
}
